{
  "name": "storyblok-richtext-updater",
  "version": "1.0.0",
  "lockfileVersion": 3,
  "requires": true,
  "packages": {
    "": {
      "name": "storyblok-richtext-updater",
      "version": "1.0.0",
      "dependencies": {
        "dotenv": "^16.4.7",
        "storyblok-js-client": "^5.0.0"
      }
    },
    "node_modules/dotenv": {
      "version": "16.4.7",
      "resolved": "https://registry.npmjs.org/dotenv/-/dotenv-16.4.7.tgz",
      "integrity": "sha512-47qPchRCykZC03FhkYAhrvwU4xDBFIj1QPqaarj6mdM/hgUzfPHcpkHJOn3mJAufFeeAxAzeGsr5X0M4k6fLZQ==",
      "engines": {
        "node": ">=12"
      },
      "funding": {
        "url": "https://dotenvx.com"
      }
    },
    "node_modules/storyblok-js-client": {
      "version": "5.14.4",
      "resolved": "https://registry.npmjs.org/storyblok-js-client/-/storyblok-js-client-5.14.4.tgz",
      "integrity": "sha512-9yY33tvfO3Cbe25h/l6K0T3IxJeOOyGl/pCwsd55woT0ZEBhIiEZoMumpRsyLjD5AedW9KXLbLjMXhHazkepCA=="
    }
  }
}
